// !$*UTF8*$!
{
	archiveVersion = 1;
	classes = {
	};
	objectVersion = 46;
	objects = {

/* Begin PBXBuildFile section */
		C60EDEEA1D40CD6D0045C3BE /* LinkEditViewController.swift in Sources */ = {isa = PBXBuildFile; fileRef = C60EDEE91D40CD6D0045C3BE /* LinkEditViewController.swift */; };
		C60EDEEC1D44F1190045C3BE /* ParseClient.swift in Sources */ = {isa = PBXBuildFile; fileRef = C60EDEEB1D44F1190045C3BE /* ParseClient.swift */; };
		C635006E1D30F1DA000E3EE0 /* TableViewController.swift in Sources */ = {isa = PBXBuildFile; fileRef = C635006D1D30F1DA000E3EE0 /* TableViewController.swift */; };
		C63500721D31D419000E3EE0 /* MapViewController.swift in Sources */ = {isa = PBXBuildFile; fileRef = C63500711D31D419000E3EE0 /* MapViewController.swift */; };
		C64F1C1C1D252F1500222112 /* AppDelegate.swift in Sources */ = {isa = PBXBuildFile; fileRef = C64F1C1B1D252F1500222112 /* AppDelegate.swift */; };
		C64F1C1E1D252F1500222112 /* LoginViewController.swift in Sources */ = {isa = PBXBuildFile; fileRef = C64F1C1D1D252F1500222112 /* LoginViewController.swift */; };
		C64F1C211D252F1500222112 /* Main.storyboard in Resources */ = {isa = PBXBuildFile; fileRef = C64F1C1F1D252F1500222112 /* Main.storyboard */; };
		C64F1C231D252F1500222112 /* Assets.xcassets in Resources */ = {isa = PBXBuildFile; fileRef = C64F1C221D252F1500222112 /* Assets.xcassets */; };
		C64F1C261D252F1500222112 /* LaunchScreen.storyboard in Resources */ = {isa = PBXBuildFile; fileRef = C64F1C241D252F1500222112 /* LaunchScreen.storyboard */; };
		C64F1C311D26062E00222112 /* Constants.swift in Sources */ = {isa = PBXBuildFile; fileRef = C64F1C301D26062E00222112 /* Constants.swift */; };
		C64F1C351D2DB34C00222112 /* GCDBlackBox.swift in Sources */ = {isa = PBXBuildFile; fileRef = C64F1C341D2DB34C00222112 /* GCDBlackBox.swift */; };
		C6D09ED81D351D10002889F4 /* StudentLocation.swift in Sources */ = {isa = PBXBuildFile; fileRef = C6D09ED71D351D10002889F4 /* StudentLocation.swift */; };
		C6F43A3C1D3C31E50018A6AC /* InfoPostViewController.swift in Sources */ = {isa = PBXBuildFile; fileRef = C6F43A3B1D3C31E50018A6AC /* InfoPostViewController.swift */; };
/* End PBXBuildFile section */

/* Begin PBXFileReference section */
		C60EDEE91D40CD6D0045C3BE /* LinkEditViewController.swift */ = {isa = PBXFileReference; fileEncoding = 4; lastKnownFileType = sourcecode.swift; path = LinkEditViewController.swift; sourceTree = "<group>"; };
		C60EDEEB1D44F1190045C3BE /* ParseClient.swift */ = {isa = PBXFileReference; fileEncoding = 4; lastKnownFileType = sourcecode.swift; path = ParseClient.swift; sourceTree = "<group>"; };
		C635006D1D30F1DA000E3EE0 /* TableViewController.swift */ = {isa = PBXFileReference; fileEncoding = 4; lastKnownFileType = sourcecode.swift; path = TableViewController.swift; sourceTree = "<group>"; };
		C63500711D31D419000E3EE0 /* MapViewController.swift */ = {isa = PBXFileReference; fileEncoding = 4; lastKnownFileType = sourcecode.swift; path = MapViewController.swift; sourceTree = "<group>"; };
		C64F1C181D252F1500222112 /* OnTheMap1.app */ = {isa = PBXFileReference; explicitFileType = wrapper.application; includeInIndex = 0; path = OnTheMap1.app; sourceTree = BUILT_PRODUCTS_DIR; };
		C64F1C1B1D252F1500222112 /* AppDelegate.swift */ = {isa = PBXFileReference; lastKnownFileType = sourcecode.swift; path = AppDelegate.swift; sourceTree = "<group>"; };
		C64F1C1D1D252F1500222112 /* LoginViewController.swift */ = {isa = PBXFileReference; lastKnownFileType = sourcecode.swift; path = LoginViewController.swift; sourceTree = "<group>"; };
		C64F1C201D252F1500222112 /* Base */ = {isa = PBXFileReference; lastKnownFileType = file.storyboard; name = Base; path = Base.lproj/Main.storyboard; sourceTree = "<group>"; };
		C64F1C221D252F1500222112 /* Assets.xcassets */ = {isa = PBXFileReference; lastKnownFileType = folder.assetcatalog; path = Assets.xcassets; sourceTree = "<group>"; };
		C64F1C251D252F1500222112 /* Base */ = {isa = PBXFileReference; lastKnownFileType = file.storyboard; name = Base; path = Base.lproj/LaunchScreen.storyboard; sourceTree = "<group>"; };
		C64F1C271D252F1500222112 /* Info.plist */ = {isa = PBXFileReference; lastKnownFileType = text.plist.xml; path = Info.plist; sourceTree = "<group>"; };
		C64F1C301D26062E00222112 /* Constants.swift */ = {isa = PBXFileReference; fileEncoding = 4; lastKnownFileType = sourcecode.swift; path = Constants.swift; sourceTree = "<group>"; };
		C64F1C341D2DB34C00222112 /* GCDBlackBox.swift */ = {isa = PBXFileReference; fileEncoding = 4; lastKnownFileType = sourcecode.swift; path = GCDBlackBox.swift; sourceTree = "<group>"; };
		C6D09ED71D351D10002889F4 /* StudentLocation.swift */ = {isa = PBXFileReference; fileEncoding = 4; lastKnownFileType = sourcecode.swift; path = StudentLocation.swift; sourceTree = "<group>"; };
		C6F43A3B1D3C31E50018A6AC /* InfoPostViewController.swift */ = {isa = PBXFileReference; fileEncoding = 4; lastKnownFileType = sourcecode.swift; path = InfoPostViewController.swift; sourceTree = "<group>"; };
/* End PBXFileReference section */

/* Begin PBXFrameworksBuildPhase section */
		C64F1C151D252F1500222112 /* Frameworks */ = {
			isa = PBXFrameworksBuildPhase;
			buildActionMask = 2147483647;
			files = (
			);
			runOnlyForDeploymentPostprocessing = 0;
		};
/* End PBXFrameworksBuildPhase section */

/* Begin PBXGroup section */
		C64F1C0F1D252F1500222112 = {
			isa = PBXGroup;
			children = (
				C64F1C1A1D252F1500222112 /* OnTheMap1 */,
				C64F1C191D252F1500222112 /* Products */,
			);
			sourceTree = "<group>";
		};
		C64F1C191D252F1500222112 /* Products */ = {
			isa = PBXGroup;
			children = (
				C64F1C181D252F1500222112 /* OnTheMap1.app */,
			);
			name = Products;
			sourceTree = "<group>";
		};
		C64F1C1A1D252F1500222112 /* OnTheMap1 */ = {
			isa = PBXGroup;
			children = (
				C64F1C2F1D25DC4B00222112 /* Controller */,
				C64F1C2E1D25DC4200222112 /* Model */,
				C64F1C2D1D25DA3100222112 /* Assets */,
				C64F1C1B1D252F1500222112 /* AppDelegate.swift */,
				C64F1C271D252F1500222112 /* Info.plist */,
				C64F1C341D2DB34C00222112 /* GCDBlackBox.swift */,
			);
			path = OnTheMap1;
			sourceTree = "<group>";
		};
		C64F1C2D1D25DA3100222112 /* Assets */ = {
			isa = PBXGroup;
			children = (
				C64F1C1F1D252F1500222112 /* Main.storyboard */,
				C64F1C221D252F1500222112 /* Assets.xcassets */,
				C64F1C241D252F1500222112 /* LaunchScreen.storyboard */,
			);
			name = Assets;
			sourceTree = "<group>";
		};
		C64F1C2E1D25DC4200222112 /* Model */ = {
			isa = PBXGroup;
			children = (
				C64F1C301D26062E00222112 /* Constants.swift */,
				C6D09ED71D351D10002889F4 /* StudentLocation.swift */,
				C60EDEEB1D44F1190045C3BE /* ParseClient.swift */,
			);
			name = Model;
			sourceTree = "<group>";
		};
		C64F1C2F1D25DC4B00222112 /* Controller */ = {
			isa = PBXGroup;
			children = (
				C64F1C1D1D252F1500222112 /* LoginViewController.swift */,
				C60EDEE91D40CD6D0045C3BE /* LinkEditViewController.swift */,
				C635006D1D30F1DA000E3EE0 /* TableViewController.swift */,
				C63500711D31D419000E3EE0 /* MapViewController.swift */,
				C6F43A3B1D3C31E50018A6AC /* InfoPostViewController.swift */,
			);
			name = Controller;
			sourceTree = "<group>";
		};
/* End PBXGroup section */

/* Begin PBXNativeTarget section */
		C64F1C171D252F1500222112 /* OnTheMap1 */ = {
			isa = PBXNativeTarget;
			buildConfigurationList = C64F1C2A1D252F1500222112 /* Build configuration list for PBXNativeTarget "OnTheMap1" */;
			buildPhases = (
				C64F1C141D252F1500222112 /* Sources */,
				C64F1C151D252F1500222112 /* Frameworks */,
				C64F1C161D252F1500222112 /* Resources */,
			);
			buildRules = (
			);
			dependencies = (
			);
			name = OnTheMap1;
			productName = OnTheMap1;
			productReference = C64F1C181D252F1500222112 /* OnTheMap1.app */;
			productType = "com.apple.product-type.application";
		};
/* End PBXNativeTarget section */

/* Begin PBXProject section */
		C64F1C101D252F1500222112 /* Project object */ = {
			isa = PBXProject;
			attributes = {
				LastSwiftUpdateCheck = 0730;
				LastUpgradeCheck = 0730;
				ORGANIZATIONNAME = kishidak;
				TargetAttributes = {
					C64F1C171D252F1500222112 = {
						CreatedOnToolsVersion = 7.3;
						DevelopmentTeam = V5R2C8MBT3;
					};
				};
			};
			buildConfigurationList = C64F1C131D252F1500222112 /* Build configuration list for PBXProject "OnTheMap1" */;
			compatibilityVersion = "Xcode 3.2";
			developmentRegion = English;
			hasScannedForEncodings = 0;
			knownRegions = (
				en,
				Base,
			);
			mainGroup = C64F1C0F1D252F1500222112;
			productRefGroup = C64F1C191D252F1500222112 /* Products */;
			projectDirPath = "";
			projectRoot = "";
			targets = (
				C64F1C171D252F1500222112 /* OnTheMap1 */,
			);
		};
/* End PBXProject section */

/* Begin PBXResourcesBuildPhase section */
		C64F1C161D252F1500222112 /* Resources */ = {
			isa = PBXResourcesBuildPhase;
			buildActionMask = 2147483647;
			files = (
				C64F1C261D252F1500222112 /* LaunchScreen.storyboard in Resources */,
				C64F1C231D252F1500222112 /* Assets.xcassets in Resources */,
				C64F1C211D252F1500222112 /* Main.storyboard in Resources */,
			);
			runOnlyForDeploymentPostprocessing = 0;
		};
/* End PBXResourcesBuildPhase section */

/* Begin PBXSourcesBuildPhase section */
		C64F1C141D252F1500222112 /* Sources */ = {
			isa = PBXSourcesBuildPhase;
			buildActionMask = 2147483647;
			files = (
				C6F43A3C1D3C31E50018A6AC /* InfoPostViewController.swift in Sources */,
				C64F1C1E1D252F1500222112 /* LoginViewController.swift in Sources */,
				C64F1C1C1D252F1500222112 /* AppDelegate.swift in Sources */,
				C6D09ED81D351D10002889F4 /* StudentLocation.swift in Sources */,
				C64F1C311D26062E00222112 /* Constants.swift in Sources */,
				C64F1C351D2DB34C00222112 /* GCDBlackBox.swift in Sources */,
				C60EDEEC1D44F1190045C3BE /* ParseClient.swift in Sources */,
				C635006E1D30F1DA000E3EE0 /* TableViewController.swift in Sources */,
				C60EDEEA1D40CD6D0045C3BE /* LinkEditViewController.swift in Sources */,
				C63500721D31D419000E3EE0 /* MapViewController.swift in Sources */,
			);
			runOnlyForDeploymentPostprocessing = 0;
		};
/* End PBXSourcesBuildPhase section */

/* Begin PBXVariantGroup section */
		C64F1C1F1D252F1500222112 /* Main.storyboard */ = {
			isa = PBXVariantGroup;
			children = (
				C64F1C201D252F1500222112 /* Base */,
			);
			name = Main.storyboard;
			sourceTree = "<group>";
		};
		C64F1C241D252F1500222112 /* LaunchScreen.storyboard */ = {
			isa = PBXVariantGroup;
			children = (
				C64F1C251D252F1500222112 /* Base */,
			);
			name = LaunchScreen.storyboard;
			sourceTree = "<group>";
		};
/* End PBXVariantGroup section */

/* Begin XCBuildConfiguration section */
		C64F1C281D252F1500222112 /* Debug */ = {
			isa = XCBuildConfiguration;
			buildSettings = {
				ALWAYS_SEARCH_USER_PATHS = NO;
				CLANG_ANALYZER_NONNULL = YES;
				CLANG_CXX_LANGUAGE_STANDARD = "gnu++0x";
				CLANG_CXX_LIBRARY = "libc++";
				CLANG_ENABLE_MODULES = YES;
				CLANG_ENABLE_OBJC_ARC = YES;
				CLANG_WARN_BOOL_CONVERSION = YES;
				CLANG_WARN_CONSTANT_CONVERSION = YES;
				CLANG_WARN_DIRECT_OBJC_ISA_USAGE = YES_ERROR;
				CLANG_WARN_EMPTY_BODY = YES;
				CLANG_WARN_ENUM_CONVERSION = YES;
				CLANG_WARN_INT_CONVERSION = YES;
				CLANG_WARN_OBJC_ROOT_CLASS = YES_ERROR;
				CLANG_WARN_UNREACHABLE_CODE = YES;
				CLANG_WARN__DUPLICATE_METHOD_MATCH = YES;
				"CODE_SIGN_IDENTITY[sdk=iphoneos*]" = "iPhone Developer";
				COPY_PHASE_STRIP = NO;
				DEBUG_INFORMATION_FORMAT = dwarf;
				ENABLE_STRICT_OBJC_MSGSEND = YES;
				ENABLE_TESTABILITY = YES;
				GCC_C_LANGUAGE_STANDARD = gnu99;
				GCC_DYNAMIC_NO_PIC = NO;
				GCC_NO_COMMON_BLOCKS = YES;
				GCC_OPTIMIZATION_LEVEL = 0;
				GCC_PREPROCESSOR_DEFINITIONS = (
					"DEBUG=1",
					"$(inherited)",
				);
				GCC_WARN_64_TO_32_BIT_CONVERSION = YES;
				GCC_WARN_ABOUT_RETURN_TYPE = YES_ERROR;
				GCC_WARN_UNDECLARED_SELECTOR = YES;
				GCC_WARN_UNINITIALIZED_AUTOS = YES_AGGRESSIVE;
				GCC_WARN_UNUSED_FUNCTION = YES;
				GCC_WARN_UNUSED_VARIABLE = YES;
				IPHONEOS_DEPLOYMENT_TARGET = 9.3;
				MTL_ENABLE_DEBUG_INFO = YES;
				ONLY_ACTIVE_ARCH = YES;
				SDKROOT = iphoneos;
				SWIFT_OPTIMIZATION_LEVEL = "-Onone";
				TARGETED_DEVICE_FAMILY = "1,2";
			};
			name = Debug;
		};
		C64F1C291D252F1500222112 /* Release */ = {
			isa = XCBuildConfiguration;
			buildSettings = {
				ALWAYS_SEARCH_USER_PATHS = NO;
				CLANG_ANALYZER_NONNULL = YES;
				CLANG_CXX_LANGUAGE_STANDARD = "gnu++0x";
				CLANG_CXX_LIBRARY = "libc++";
				CLANG_ENABLE_MODULES = YES;
				CLANG_ENABLE_OBJC_ARC = YES;
				CLANG_WARN_BOOL_CONVERSION = YES;
				CLANG_WARN_CONSTANT_CONVERSION = YES;
				CLANG_WARN_DIRECT_OBJC_ISA_USAGE = YES_ERROR;
				CLANG_WARN_EMPTY_BODY = YES;
				CLANG_WARN_ENUM_CONVERSION = YES;
				CLANG_WARN_INT_CONVERSION = YES;
				CLANG_WARN_OBJC_ROOT_CLASS = YES_ERROR;
				CLANG_WARN_UNREACHABLE_CODE = YES;
				CLANG_WARN__DUPLICATE_METHOD_MATCH = YES;
				"CODE_SIGN_IDENTITY[sdk=iphoneos*]" = "iPhone Developer";
				COPY_PHASE_STRIP = NO;
				DEBUG_INFORMATION_FORMAT = "dwarf-with-dsym";
				ENABLE_NS_ASSERTIONS = NO;
				ENABLE_STRICT_OBJC_MSGSEND = YES;
				GCC_C_LANGUAGE_STANDARD = gnu99;
				GCC_NO_COMMON_BLOCKS = YES;
				GCC_WARN_64_TO_32_BIT_CONVERSION = YES;
				GCC_WARN_ABOUT_RETURN_TYPE = YES_ERROR;
				GCC_WARN_UNDECLARED_SELECTOR = YES;
				GCC_WARN_UNINITIALIZED_AUTOS = YES_AGGRESSIVE;
				GCC_WARN_UNUSED_FUNCTION = YES;
				GCC_WARN_UNUSED_VARIABLE = YES;
				IPHONEOS_DEPLOYMENT_TARGET = 9.3;
				MTL_ENABLE_DEBUG_INFO = NO;
				SDKROOT = iphoneos;
				TARGETED_DEVICE_FAMILY = "1,2";
				VALIDATE_PRODUCT = YES;
			};
			name = Release;
		};
		C64F1C2B1D252F1500222112 /* Debug */ = {
			isa = XCBuildConfiguration;
			buildSettings = {
				ASSETCATALOG_COMPILER_APPICON_NAME = AppIcon;
				INFOPLIST_FILE = OnTheMap1/Info.plist;
				LD_RUNPATH_SEARCH_PATHS = "$(inherited) @executable_path/Frameworks";
				PRODUCT_BUNDLE_IDENTIFIER = kishidak.OnTheMap1;
				PRODUCT_NAME = "$(TARGET_NAME)";
			};
			name = Debug;
		};
		C64F1C2C1D252F1500222112 /* Release */ = {
			isa = XCBuildConfiguration;
			buildSettings = {
				ASSETCATALOG_COMPILER_APPICON_NAME = AppIcon;
				INFOPLIST_FILE = OnTheMap1/Info.plist;
				LD_RUNPATH_SEARCH_PATHS = "$(inherited) @executable_path/Frameworks";
				PRODUCT_BUNDLE_IDENTIFIER = kishidak.OnTheMap1;
				PRODUCT_NAME = "$(TARGET_NAME)";
			};
			name = Release;
		};
/* End XCBuildConfiguration section */

/* Begin XCConfigurationList section */
		C64F1C131D252F1500222112 /* Build configuration list for PBXProject "OnTheMap1" */ = {
			isa = XCConfigurationList;
			buildConfigurations = (
				C64F1C281D252F1500222112 /* Debug */,
				C64F1C291D252F1500222112 /* Release */,
			);
			defaultConfigurationIsVisible = 0;
			defaultConfigurationName = Release;
		};
		C64F1C2A1D252F1500222112 /* Build configuration list for PBXNativeTarget "OnTheMap1" */ = {
			isa = XCConfigurationList;
			buildConfigurations = (
				C64F1C2B1D252F1500222112 /* Debug */,
				C64F1C2C1D252F1500222112 /* Release */,
			);
			defaultConfigurationIsVisible = 0;
			defaultConfigurationName = Release;
		};
/* End XCConfigurationList section */
	};
	rootObject = C64F1C101D252F1500222112 /* Project object */;
}
